github.com/ebitengine/purego v0.10.0 h1:QIw4xfpWT6GWTzaW5XEKy3HXoqrJGx1ijYHzTF0/ISU=
github.com/ebitengine/purego v0.10.0/go.mod h1:iIjxzd6CiRiOG0UyXP+V1+jWqUXVjPKLAI0mRfJZTmQ=
github.com/ebitengine/purego v0.10.1 h1:dewVBCBT2GaMu1SrNTYxQhgQBethzfhiwvZiLGP/qyY=
github.com/ebitengine/purego v0.10.1/go.mod h1:iIjxzd6CiRiOG0UyXP+V1+jWqUXVjPKLAI0mRfJZTmQ=
github.com/tmc/apple v0.6.3 h1:5jF7U2j30SgzU8PSQ4JZD32HGtRINxXvvRCwTIb8r/s=
github.com/tmc/apple v0.6.3/go.mod h1:yy3A4tLBZYBCTu5xG52ZdtaAfzpRdTsuH5sXZn3MjSs=
github.com/tmc/apple v0.6.12 h1:9GPwKjDy2Ngoyq9+6IzGouL6fjgDXc0w6kMF2cRQK9k=
github.com/tmc/apple v0.6.12/go.mod h1:QJV85Y1rc4sDQtuBobmYe4mIz5akPLzm3caYmVEmdvE=
gopkg.in/check.v1 v0.0.0-20161208181325-20d25e280405 h1:yhCVgyC4o1eVCa2tZl7eS0r+SDo693bJlVdllGtEeKM=
gopkg.in/check.v1 v0.0.0-20161208181325-20d25e280405/go.mod h1:Co6ibVJAznAaIkqp8huTwlJQCZ016jof/cbN4VW5Yz0=
gopkg.in/yaml.v3 v3.0.1 h1:fxVm/GzAzEWqLHuvctI91KS9hhNmmWOoWu0XTYJS7CA=
gopkg.in/yaml.v3 v3.0.1/go.mod h1:K4uyk7z7BCEPqu6E+C64Yfv1cQ7kz7rIZviUmN+EgEM=
